
Microsoft Visual Studio Solution File, Format Version 12.00
# Visual Studio Version 17
VisualStudioVersion = 17.3.32922.545
MinimumVisualStudioVersion = 10.0.40219.1
Project("{9A19103F-16F7-4668-BE54-9A1E7A4F7556}") = "Maitrice_POO", "Maitrice_POO.csproj", "{2D749507-91FC-42D4-A525-219D11E5D3E8}"
EndProject
Project("{9A19103F-16F7-4668-BE54-9A1E7A4F7556}") = "Exercice1", "..\Exercice1\Exercice1.csproj", "{C58681A8-903C-4AB5-ADBA-DE198A9AB23A}"
EndProject
Project("{9A19103F-16F7-4668-BE54-9A1E7A4F7556}") = "ExercicePOO", "..\ExercicePOO\ExercicePOO.csproj", "{C07CF907-1F67-4B7A-B853-25D6078AFA0F}"
EndProject
Project("{FAE04EC0-301F-11D3-BF4B-00C04F79EFBC}") = "MaitrisePOO_Intermediaire", "..\MaitrisePOO_Indermediare\MaitrisePOO_Intermediaire.csproj", "{0823003D-8546-4E19-B849-2A6753A11465}"
EndProject
Global
	GlobalSection(SolutionConfigurationPlatforms) = preSolution
		Debug|Any CPU = Debug|Any CPU
		Release|Any CPU = Release|Any CPU
	EndGlobalSection
	GlobalSection(ProjectConfigurationPlatforms) = postSolution
		{2D749507-91FC-42D4-A525-219D11E5D3E8}.Debug|Any CPU.ActiveCfg = Debug|Any CPU
		{2D749507-91FC-42D4-A525-219D11E5D3E8}.Debug|Any CPU.Build.0 = Debug|Any CPU
		{2D749507-91FC-42D4-A525-219D11E5D3E8}.Release|Any CPU.ActiveCfg = Release|Any CPU
		{2D749507-91FC-42D4-A525-219D11E5D3E8}.Release|Any CPU.Build.0 = Release|Any CPU
		{C58681A8-903C-4AB5-ADBA-DE198A9AB23A}.Debug|Any CPU.ActiveCfg = Debug|Any CPU
		{C58681A8-903C-4AB5-ADBA-DE198A9AB23A}.Debug|Any CPU.Build.0 = Debug|Any CPU
		{C58681A8-903C-4AB5-ADBA-DE198A9AB23A}.Release|Any CPU.ActiveCfg = Release|Any CPU
		{C58681A8-903C-4AB5-ADBA-DE198A9AB23A}.Release|Any CPU.Build.0 = Release|Any CPU
		{C07CF907-1F67-4B7A-B853-25D6078AFA0F}.Debug|Any CPU.ActiveCfg = Debug|Any CPU
		{C07CF907-1F67-4B7A-B853-25D6078AFA0F}.Debug|Any CPU.Build.0 = Debug|Any CPU
		{C07CF907-1F67-4B7A-B853-25D6078AFA0F}.Release|Any CPU.ActiveCfg = Release|Any CPU
		{C07CF907-1F67-4B7A-B853-25D6078AFA0F}.Release|Any CPU.Build.0 = Release|Any CPU
		{0823003D-8546-4E19-B849-2A6753A11465}.Debug|Any CPU.ActiveCfg = Debug|Any CPU
		{0823003D-8546-4E19-B849-2A6753A11465}.Debug|Any CPU.Build.0 = Debug|Any CPU
		{0823003D-8546-4E19-B849-2A6753A11465}.Release|Any CPU.ActiveCfg = Release|Any CPU
		{0823003D-8546-4E19-B849-2A6753A11465}.Release|Any CPU.Build.0 = Release|Any CPU
	EndGlobalSection
	GlobalSection(SolutionProperties) = preSolution
		HideSolutionNode = FALSE
	EndGlobalSection
	GlobalSection(ExtensibilityGlobals) = postSolution
		SolutionGuid = {12CE4D74-DC9D-4B97-B3D2-B597D682A575}
	EndGlobalSection
EndGlobal
